
Microsoft Visual Studio Solution File, Format Version 12.00
# Visual Studio Version 16
VisualStudioVersion = 16.0.29230.47
MinimumVisualStudioVersion = 10.0.40219.1
Project("{FAE04EC0-301F-11D3-BF4B-00C04F79EFBC}") = "Vic.SportStore.WebApp", "Vic.SportStore.WebApp\Vic.SportStore.WebApp.csproj", "{93713716-48C3-4EF1-BD9F-538452175A09}"
EndProject
Global
	GlobalSection(SolutionConfigurationPlatforms) = preSolution
		Debug|Any CPU = Debug|Any CPU
		Release|Any CPU = Release|Any CPU
	EndGlobalSection
	GlobalSection(ProjectConfigurationPlatforms) = postSolution
		{93713716-48C3-4EF1-BD9F-538452175A09}.Debug|Any CPU.ActiveCfg = Debug|Any CPU
		{93713716-48C3-4EF1-BD9F-538452175A09}.Debug|Any CPU.Build.0 = Debug|Any CPU
		{93713716-48C3-4EF1-BD9F-538452175A09}.Release|Any CPU.ActiveCfg = Release|Any CPU
		{93713716-48C3-4EF1-BD9F-538452175A09}.Release|Any CPU.Build.0 = Release|Any CPU
	EndGlobalSection
	GlobalSection(SolutionProperties) = preSolution
		HideSolutionNode = FALSE
	EndGlobalSection
	GlobalSection(ExtensibilityGlobals) = postSolution
		SolutionGuid = {35D5290A-C9F8-4899-B66E-0F5DE2263292}
	EndGlobalSection
EndGlobal
